
Microsoft Visual Studio Solution File, Format Version 12.00
# Visual Studio Version 16
VisualStudioVersion = 16.0.31624.102
MinimumVisualStudioVersion = 10.0.40219.1
Project("{FAE04EC0-301F-11D3-BF4B-00C04F79EFBC}") = "UpFlow.API", "UpFlow.API.csproj", "{E5F6A654-8525-4EF5-81A0-E0B43BAF8C2A}"
EndProject
Global
	GlobalSection(SolutionConfigurationPlatforms) = preSolution
		Debug|Any CPU = Debug|Any CPU
		Release|Any CPU = Release|Any CPU
	EndGlobalSection
	GlobalSection(ProjectConfigurationPlatforms) = postSolution
		{E5F6A654-8525-4EF5-81A0-E0B43BAF8C2A}.Debug|Any CPU.ActiveCfg = Debug|Any CPU
		{E5F6A654-8525-4EF5-81A0-E0B43BAF8C2A}.Debug|Any CPU.Build.0 = Debug|Any CPU
		{E5F6A654-8525-4EF5-81A0-E0B43BAF8C2A}.Release|Any CPU.ActiveCfg = Release|Any CPU
		{E5F6A654-8525-4EF5-81A0-E0B43BAF8C2A}.Release|Any CPU.Build.0 = Release|Any CPU
	EndGlobalSection
	GlobalSection(SolutionProperties) = preSolution
		HideSolutionNode = FALSE
	EndGlobalSection
	GlobalSection(ExtensibilityGlobals) = postSolution
		SolutionGuid = {14540F88-FBD1-493C-8D5A-388A26FF3081}
	EndGlobalSection
EndGlobal
